<?xml version="1.0" encoding="utf-8"?>
<Project ToolsVersion="4.0" xmlns="http://schemas.microsoft.com/developer/msbuild/2003">
  <ItemGroup>
    <Filter Include="Source Files">
      <UniqueIdentifier>{4FC737F1-C7A5-4376-A066-2A32D752A2FF}</UniqueIdentifier>
      <Extensions>cpp;c;cc;cxx;c++;cppm;ixx;def;odl;idl;hpj;bat;asm;asmx</Extensions>
    </Filter>
    <Filter Include="Header Files">
      <UniqueIdentifier>{93995380-89BD-4b04-88EB-625FBE52EBFB}</UniqueIdentifier>
      <Extensions>h;hh;hpp;hxx;h++;hm;inl;inc;ipp;xsd</Extensions>
    </Filter>
    <Filter Include="Resource Files">
      <UniqueIdentifier>{67DA6AB6-F800-4c08-8B7A-83BB121AAD01}</UniqueIdentifier>
      <Extensions>rc;ico;cur;bmp;dlg;rc2;rct;bin;rgs;gif;jpg;jpeg;jpe;resx;tiff;tif;png;wav;mfcribbon-ms</Extensions>
    </Filter>
    <Filter Include="External">
      <UniqueIdentifier>{aad243cd-62dc-4bb3-b47e-745cc81b1f6d}</UniqueIdentifier>
    </Filter>
    <Filter Include="Common Files">
      <UniqueIdentifier>{6dc1b45e-0e58-4aa0-b870-419f967a0bf9}</UniqueIdentifier>
    </Filter>
    <Filter Include="Common Files\Headers">
      <UniqueIdentifier>{380809bf-60c9-4f33-a525-6ab7fade90b9}</UniqueIdentifier>
    </Filter>
  </ItemGroup>
  <ItemGroup>
    <ClInclude Include="..\External\stb_image.h">
      <Filter>External</Filter>
    </ClInclude>
    <ClInclude Include="..\External\tiny_obj_loader.h">
      <Filter>External</Filter>
    </ClInclude>
    <ClInclude Include="..\External\vk_platform.h">
      <Filter>External</Filter>
    </ClInclude>
    <ClInclude Include="..\External\vulkan.h">
      <Filter>External</Filter>
    </ClInclude>
    <ClInclude Include="..\Samples\Common_Files\Camera.h">
      <Filter>Common Files\Headers</Filter>
    </ClInclude>
    <ClInclude Include="..\Samples\Common_Files\CookbookSampleFramework.h">
      <Filter>Common Files\Headers</Filter>
    </ClInclude>
    <ClInclude Include="..\Samples\Common_Files\OrbitingCamera.h">
      <Filter>Common Files\Headers</Filter>
    </ClInclude>
    <ClInclude Include="..\Samples\Common_Files\OS.h">
      <Filter>Common Files\Headers</Filter>
    </ClInclude>
    <ClInclude Include="..\Library\Common_Files\AllHeaders.h">
      <Filter>Common Files\Headers</Filter>
    </ClInclude>
    <ClInclude Include="..\Library\Common_Files\Common.h">
      <Filter>Common Files\Headers</Filter>
    </ClInclude>
    <ClInclude Include="..\Library\Common_Files\Tools.h">
      <Filter>Common Files\Headers</Filter>
    </ClInclude>
    <ClInclude Include="..\Library\Common_Files\VulkanDestroyer.h">
      <Filter>Common Files\Headers</Filter>
    </ClInclude>
    <ClInclude Include="..\Library\Common_Files\VulkanFunctions.h">
      <Filter>Common Files\Headers</Filter>
    </ClInclude>
    <ClInclude Include="ModelClass.h">
      <Filter>Header Files</Filter>
    </ClInclude>
    <ClInclude Include="Graphics.h">
      <Filter>Header Files</Filter>
    </ClInclude>
    <ClInclude Include="Scene.h">
      <Filter>Header Files</Filter>
    </ClInclude>
  </ItemGroup>
  <ItemGroup>
    <ClCompile Include="..\Samples\Common_Files\Camera.cpp">
      <Filter>Common Files</Filter>
    </ClCompile>
    <ClCompile Include="..\Samples\Common_Files\CookbookSampleFramework.cpp">
      <Filter>Common Files</Filter>
    </ClCompile>
    <ClCompile Include="..\Samples\Common_Files\OrbitingCamera.cpp">
      <Filter>Common Files</Filter>
    </ClCompile>
    <ClCompile Include="..\Samples\Common_Files\OS.cpp">
      <Filter>Common Files</Filter>
    </ClCompile>
    <ClCompile Include="main.cpp">
      <Filter>Source Files</Filter>
    </ClCompile>
    <ClCompile Include="ModelClass.cpp">
      <Filter>Source Files</Filter>
    </ClCompile>
    <ClCompile Include="Graphics.cpp">
      <Filter>Source Files</Filter>
    </ClCompile>
    <ClCompile Include="Scene.cpp">
      <Filter>Source Files</Filter>
    </ClCompile>
  </ItemGroup>
  <ItemGroup>
    <None Include="..\Library\Common_Files\ListOfVulkanFunctions.inl">
      <Filter>Common Files\Headers</Filter>
    </None>
  </ItemGroup>
</Project>